
Microsoft Visual Studio Solution File, Format Version 12.00
# Visual Studio Version 17
VisualStudioVersion = 17.5.002.0
MinimumVisualStudioVersion = 10.0.40219.1
Project("{9A19103F-16F7-4668-BE54-9A1E7A4F7556}") = "Producer", "Producer\Producer.csproj", "{6701B369-F43C-45BD-9286-7795A360FAD5}"
EndProject
Project("{9A19103F-16F7-4668-BE54-9A1E7A4F7556}") = "Consumer", "Consumer\Consumer.csproj", "{05E65D91-6D0F-4679-A89C-C5BCBFFE1910}"
EndProject
Global
	GlobalSection(SolutionConfigurationPlatforms) = preSolution
		Debug|Any CPU = Debug|Any CPU
		Release|Any CPU = Release|Any CPU
	EndGlobalSection
	GlobalSection(ProjectConfigurationPlatforms) = postSolution
		{6701B369-F43C-45BD-9286-7795A360FAD5}.Debug|Any CPU.ActiveCfg = Debug|Any CPU
		{6701B369-F43C-45BD-9286-7795A360FAD5}.Debug|Any CPU.Build.0 = Debug|Any CPU
		{6701B369-F43C-45BD-9286-7795A360FAD5}.Release|Any CPU.ActiveCfg = Release|Any CPU
		{6701B369-F43C-45BD-9286-7795A360FAD5}.Release|Any CPU.Build.0 = Release|Any CPU
		{05E65D91-6D0F-4679-A89C-C5BCBFFE1910}.Debug|Any CPU.ActiveCfg = Debug|Any CPU
		{05E65D91-6D0F-4679-A89C-C5BCBFFE1910}.Debug|Any CPU.Build.0 = Debug|Any CPU
		{05E65D91-6D0F-4679-A89C-C5BCBFFE1910}.Release|Any CPU.ActiveCfg = Release|Any CPU
		{05E65D91-6D0F-4679-A89C-C5BCBFFE1910}.Release|Any CPU.Build.0 = Release|Any CPU
	EndGlobalSection
	GlobalSection(SolutionProperties) = preSolution
		HideSolutionNode = FALSE
	EndGlobalSection
	GlobalSection(ExtensibilityGlobals) = postSolution
		SolutionGuid = {115924BC-FAB8-499E-B0F0-3D6F16D58D78}
	EndGlobalSection
EndGlobal
