
Microsoft Visual Studio Solution File, Format Version 12.00
# Visual Studio Version 17
VisualStudioVersion = 17.0.31903.59
MinimumVisualStudioVersion = 10.0.40219.1
Project("{2150E333-8FDC-42A3-9474-1A3956D46DE8}") = "src", "src", "{E1748C96-94CD-479F-BF71-585EB56C9FBF}"
EndProject
Project("{FAE04EC0-301F-11D3-BF4B-00C04F79EFBC}") = "Core", "src\Core\Core.csproj", "{9E17490D-8407-441F-AF33-620EAD39C9AD}"
EndProject
Project("{2150E333-8FDC-42A3-9474-1A3956D46DE8}") = "samples", "samples", "{2C240B41-C6C9-4921-9139-ECB2AA468316}"
EndProject
Project("{FAE04EC0-301F-11D3-BF4B-00C04F79EFBC}") = "MySql", "src\MySql\MySql.csproj", "{16BB39E2-046B-4390-8375-37BCC15F81EF}"
EndProject
Project("{2150E333-8FDC-42A3-9474-1A3956D46DE8}") = "tests", "tests", "{7DDB9CD3-11D6-4036-B0F5-19315D4FA1DD}"
EndProject
Project("{FAE04EC0-301F-11D3-BF4B-00C04F79EFBC}") = "MySql.Tests", "tests\MySql.Tests\MySql.Tests.csproj", "{F566873C-2663-4B99-A6B9-259FCD6F8A2B}"
EndProject
Project("{FAE04EC0-301F-11D3-BF4B-00C04F79EFBC}") = "Core.Tests", "tests\Core.Tests\Core.Tests.csproj", "{95240203-AFB6-4404-BBB9-8EB1F30E91F8}"
EndProject
Project("{2150E333-8FDC-42A3-9474-1A3956D46DE8}") = "build", "build", "{A2D93BAA-65E6-4AF6-A2A4-9D53F74B5977}"
EndProject
Project("{FAE04EC0-301F-11D3-BF4B-00C04F79EFBC}") = "CakeRunner", "build\CakeRunner\CakeRunner.csproj", "{18B88C42-F0AE-48A6-8B39-B0093DBD541D}"
EndProject
Project("{FAE04EC0-301F-11D3-BF4B-00C04F79EFBC}") = "Core.OpenTelemetry", "src\Core.OpenTelemetry\Core.OpenTelemetry.csproj", "{C4A3B901-3625-46B8-A224-DD4DEE1A5E65}"
EndProject
Project("{2150E333-8FDC-42A3-9474-1A3956D46DE8}") = "mysql", "mysql", "{65461D72-9FB5-444E-B668-91F7C7C448A3}"
EndProject
Project("{FAE04EC0-301F-11D3-BF4B-00C04F79EFBC}") = "MySqlEfMultiDbPollingSample", "samples\mysql\MySqlEfMultiDbPollingSample\MySqlEfMultiDbPollingSample.csproj", "{B6AA2DEE-8319-4A6F-A8CC-4E5B6F145B60}"
EndProject
Project("{FAE04EC0-301F-11D3-BF4B-00C04F79EFBC}") = "MySqlEfPollingSample", "samples\mysql\MySqlEfPollingSample\MySqlEfPollingSample.csproj", "{570E3464-9ABD-44E5-A1E8-D896BF779540}"
EndProject
Project("{2150E333-8FDC-42A3-9474-1A3956D46DE8}") = "MySqlEndToEndPollingSample", "MySqlEndToEndPollingSample", "{846CDA36-9F33-4870-8C3B-0BC8DC3EC11B}"
EndProject
Project("{FAE04EC0-301F-11D3-BF4B-00C04F79EFBC}") = "Producer", "samples\mysql\MySqlEndToEndPollingSample\Producer\Producer.csproj", "{D799F4D6-7170-493F-85DD-5999FDFF1085}"
EndProject
Project("{FAE04EC0-301F-11D3-BF4B-00C04F79EFBC}") = "Consumer", "samples\mysql\MySqlEndToEndPollingSample\Consumer\Consumer.csproj", "{68B9A32E-A1BF-4E8B-9C7A-8EE7BF968FC0}"
EndProject
Project("{FAE04EC0-301F-11D3-BF4B-00C04F79EFBC}") = "OutOfProcessProducer", "samples\mysql\MySqlEndToEndPollingSample\OutOfProcessProducer\OutOfProcessProducer.csproj", "{EFEE7AA2-19CC-4029-BCEE-2C79E148C8EC}"
EndProject
Project("{FAE04EC0-301F-11D3-BF4B-00C04F79EFBC}") = "ProducerShared", "samples\mysql\MySqlEndToEndPollingSample\ProducerShared\ProducerShared.csproj", "{13B80164-E50C-448E-9A38-C6D7A5313DC9}"
EndProject
Project("{FAE04EC0-301F-11D3-BF4B-00C04F79EFBC}") = "MongoDb", "src\MongoDb\MongoDb.csproj", "{62F7D497-5170-4B0D-80B6-38C597FB979C}"
EndProject
Project("{FAE04EC0-301F-11D3-BF4B-00C04F79EFBC}") = "MongoDb.Tests", "tests\MongoDb.Tests\MongoDb.Tests.csproj", "{2B7C9828-7A30-4B91-A0AC-5D82820B224D}"
EndProject
Project("{2150E333-8FDC-42A3-9474-1A3956D46DE8}") = "mongodb", "mongodb", "{114820B8-6912-4F74-85F6-EB25CAE48BF9}"
EndProject
Project("{FAE04EC0-301F-11D3-BF4B-00C04F79EFBC}") = "MongoDbPollingSample", "samples\mongodb\MongoDbPollingSample\MongoDbPollingSample.csproj", "{C097DEE3-EDF3-4CD4-A7F2-DD4796A41874}"
EndProject
Global
	GlobalSection(SolutionConfigurationPlatforms) = preSolution
		Debug|Any CPU = Debug|Any CPU
		Release|Any CPU = Release|Any CPU
	EndGlobalSection
	GlobalSection(SolutionProperties) = preSolution
		HideSolutionNode = FALSE
	EndGlobalSection
	GlobalSection(ProjectConfigurationPlatforms) = postSolution
		{9E17490D-8407-441F-AF33-620EAD39C9AD}.Debug|Any CPU.ActiveCfg = Debug|Any CPU
		{9E17490D-8407-441F-AF33-620EAD39C9AD}.Debug|Any CPU.Build.0 = Debug|Any CPU
		{9E17490D-8407-441F-AF33-620EAD39C9AD}.Release|Any CPU.ActiveCfg = Release|Any CPU
		{9E17490D-8407-441F-AF33-620EAD39C9AD}.Release|Any CPU.Build.0 = Release|Any CPU
		{16BB39E2-046B-4390-8375-37BCC15F81EF}.Debug|Any CPU.ActiveCfg = Debug|Any CPU
		{16BB39E2-046B-4390-8375-37BCC15F81EF}.Debug|Any CPU.Build.0 = Debug|Any CPU
		{16BB39E2-046B-4390-8375-37BCC15F81EF}.Release|Any CPU.ActiveCfg = Release|Any CPU
		{16BB39E2-046B-4390-8375-37BCC15F81EF}.Release|Any CPU.Build.0 = Release|Any CPU
		{F566873C-2663-4B99-A6B9-259FCD6F8A2B}.Debug|Any CPU.ActiveCfg = Debug|Any CPU
		{F566873C-2663-4B99-A6B9-259FCD6F8A2B}.Debug|Any CPU.Build.0 = Debug|Any CPU
		{F566873C-2663-4B99-A6B9-259FCD6F8A2B}.Release|Any CPU.ActiveCfg = Release|Any CPU
		{F566873C-2663-4B99-A6B9-259FCD6F8A2B}.Release|Any CPU.Build.0 = Release|Any CPU
		{95240203-AFB6-4404-BBB9-8EB1F30E91F8}.Debug|Any CPU.ActiveCfg = Debug|Any CPU
		{95240203-AFB6-4404-BBB9-8EB1F30E91F8}.Debug|Any CPU.Build.0 = Debug|Any CPU
		{95240203-AFB6-4404-BBB9-8EB1F30E91F8}.Release|Any CPU.ActiveCfg = Release|Any CPU
		{95240203-AFB6-4404-BBB9-8EB1F30E91F8}.Release|Any CPU.Build.0 = Release|Any CPU
		{18B88C42-F0AE-48A6-8B39-B0093DBD541D}.Debug|Any CPU.ActiveCfg = Debug|Any CPU
		{18B88C42-F0AE-48A6-8B39-B0093DBD541D}.Debug|Any CPU.Build.0 = Debug|Any CPU
		{18B88C42-F0AE-48A6-8B39-B0093DBD541D}.Release|Any CPU.ActiveCfg = Release|Any CPU
		{18B88C42-F0AE-48A6-8B39-B0093DBD541D}.Release|Any CPU.Build.0 = Release|Any CPU
		{C4A3B901-3625-46B8-A224-DD4DEE1A5E65}.Debug|Any CPU.ActiveCfg = Debug|Any CPU
		{C4A3B901-3625-46B8-A224-DD4DEE1A5E65}.Debug|Any CPU.Build.0 = Debug|Any CPU
		{C4A3B901-3625-46B8-A224-DD4DEE1A5E65}.Release|Any CPU.ActiveCfg = Release|Any CPU
		{C4A3B901-3625-46B8-A224-DD4DEE1A5E65}.Release|Any CPU.Build.0 = Release|Any CPU
		{B6AA2DEE-8319-4A6F-A8CC-4E5B6F145B60}.Debug|Any CPU.ActiveCfg = Debug|Any CPU
		{B6AA2DEE-8319-4A6F-A8CC-4E5B6F145B60}.Debug|Any CPU.Build.0 = Debug|Any CPU
		{B6AA2DEE-8319-4A6F-A8CC-4E5B6F145B60}.Release|Any CPU.ActiveCfg = Release|Any CPU
		{B6AA2DEE-8319-4A6F-A8CC-4E5B6F145B60}.Release|Any CPU.Build.0 = Release|Any CPU
		{570E3464-9ABD-44E5-A1E8-D896BF779540}.Debug|Any CPU.ActiveCfg = Debug|Any CPU
		{570E3464-9ABD-44E5-A1E8-D896BF779540}.Debug|Any CPU.Build.0 = Debug|Any CPU
		{570E3464-9ABD-44E5-A1E8-D896BF779540}.Release|Any CPU.ActiveCfg = Release|Any CPU
		{570E3464-9ABD-44E5-A1E8-D896BF779540}.Release|Any CPU.Build.0 = Release|Any CPU
		{D799F4D6-7170-493F-85DD-5999FDFF1085}.Debug|Any CPU.ActiveCfg = Debug|Any CPU
		{D799F4D6-7170-493F-85DD-5999FDFF1085}.Debug|Any CPU.Build.0 = Debug|Any CPU
		{D799F4D6-7170-493F-85DD-5999FDFF1085}.Release|Any CPU.ActiveCfg = Release|Any CPU
		{D799F4D6-7170-493F-85DD-5999FDFF1085}.Release|Any CPU.Build.0 = Release|Any CPU
		{68B9A32E-A1BF-4E8B-9C7A-8EE7BF968FC0}.Debug|Any CPU.ActiveCfg = Debug|Any CPU
		{68B9A32E-A1BF-4E8B-9C7A-8EE7BF968FC0}.Debug|Any CPU.Build.0 = Debug|Any CPU
		{68B9A32E-A1BF-4E8B-9C7A-8EE7BF968FC0}.Release|Any CPU.ActiveCfg = Release|Any CPU
		{68B9A32E-A1BF-4E8B-9C7A-8EE7BF968FC0}.Release|Any CPU.Build.0 = Release|Any CPU
		{EFEE7AA2-19CC-4029-BCEE-2C79E148C8EC}.Debug|Any CPU.ActiveCfg = Debug|Any CPU
		{EFEE7AA2-19CC-4029-BCEE-2C79E148C8EC}.Debug|Any CPU.Build.0 = Debug|Any CPU
		{EFEE7AA2-19CC-4029-BCEE-2C79E148C8EC}.Release|Any CPU.ActiveCfg = Release|Any CPU
		{EFEE7AA2-19CC-4029-BCEE-2C79E148C8EC}.Release|Any CPU.Build.0 = Release|Any CPU
		{13B80164-E50C-448E-9A38-C6D7A5313DC9}.Debug|Any CPU.ActiveCfg = Debug|Any CPU
		{13B80164-E50C-448E-9A38-C6D7A5313DC9}.Debug|Any CPU.Build.0 = Debug|Any CPU
		{13B80164-E50C-448E-9A38-C6D7A5313DC9}.Release|Any CPU.ActiveCfg = Release|Any CPU
		{13B80164-E50C-448E-9A38-C6D7A5313DC9}.Release|Any CPU.Build.0 = Release|Any CPU
		{62F7D497-5170-4B0D-80B6-38C597FB979C}.Debug|Any CPU.ActiveCfg = Debug|Any CPU
		{62F7D497-5170-4B0D-80B6-38C597FB979C}.Debug|Any CPU.Build.0 = Debug|Any CPU
		{62F7D497-5170-4B0D-80B6-38C597FB979C}.Release|Any CPU.ActiveCfg = Release|Any CPU
		{62F7D497-5170-4B0D-80B6-38C597FB979C}.Release|Any CPU.Build.0 = Release|Any CPU
		{2B7C9828-7A30-4B91-A0AC-5D82820B224D}.Debug|Any CPU.ActiveCfg = Debug|Any CPU
		{2B7C9828-7A30-4B91-A0AC-5D82820B224D}.Debug|Any CPU.Build.0 = Debug|Any CPU
		{2B7C9828-7A30-4B91-A0AC-5D82820B224D}.Release|Any CPU.ActiveCfg = Release|Any CPU
		{2B7C9828-7A30-4B91-A0AC-5D82820B224D}.Release|Any CPU.Build.0 = Release|Any CPU
		{C097DEE3-EDF3-4CD4-A7F2-DD4796A41874}.Debug|Any CPU.ActiveCfg = Debug|Any CPU
		{C097DEE3-EDF3-4CD4-A7F2-DD4796A41874}.Debug|Any CPU.Build.0 = Debug|Any CPU
		{C097DEE3-EDF3-4CD4-A7F2-DD4796A41874}.Release|Any CPU.ActiveCfg = Release|Any CPU
		{C097DEE3-EDF3-4CD4-A7F2-DD4796A41874}.Release|Any CPU.Build.0 = Release|Any CPU
	EndGlobalSection
	GlobalSection(NestedProjects) = preSolution
		{9E17490D-8407-441F-AF33-620EAD39C9AD} = {E1748C96-94CD-479F-BF71-585EB56C9FBF}
		{16BB39E2-046B-4390-8375-37BCC15F81EF} = {E1748C96-94CD-479F-BF71-585EB56C9FBF}
		{F566873C-2663-4B99-A6B9-259FCD6F8A2B} = {7DDB9CD3-11D6-4036-B0F5-19315D4FA1DD}
		{95240203-AFB6-4404-BBB9-8EB1F30E91F8} = {7DDB9CD3-11D6-4036-B0F5-19315D4FA1DD}
		{18B88C42-F0AE-48A6-8B39-B0093DBD541D} = {A2D93BAA-65E6-4AF6-A2A4-9D53F74B5977}
		{C4A3B901-3625-46B8-A224-DD4DEE1A5E65} = {E1748C96-94CD-479F-BF71-585EB56C9FBF}
		{65461D72-9FB5-444E-B668-91F7C7C448A3} = {2C240B41-C6C9-4921-9139-ECB2AA468316}
		{B6AA2DEE-8319-4A6F-A8CC-4E5B6F145B60} = {65461D72-9FB5-444E-B668-91F7C7C448A3}
		{570E3464-9ABD-44E5-A1E8-D896BF779540} = {65461D72-9FB5-444E-B668-91F7C7C448A3}
		{846CDA36-9F33-4870-8C3B-0BC8DC3EC11B} = {65461D72-9FB5-444E-B668-91F7C7C448A3}
		{D799F4D6-7170-493F-85DD-5999FDFF1085} = {846CDA36-9F33-4870-8C3B-0BC8DC3EC11B}
		{68B9A32E-A1BF-4E8B-9C7A-8EE7BF968FC0} = {846CDA36-9F33-4870-8C3B-0BC8DC3EC11B}
		{EFEE7AA2-19CC-4029-BCEE-2C79E148C8EC} = {846CDA36-9F33-4870-8C3B-0BC8DC3EC11B}
		{13B80164-E50C-448E-9A38-C6D7A5313DC9} = {846CDA36-9F33-4870-8C3B-0BC8DC3EC11B}
		{62F7D497-5170-4B0D-80B6-38C597FB979C} = {E1748C96-94CD-479F-BF71-585EB56C9FBF}
		{2B7C9828-7A30-4B91-A0AC-5D82820B224D} = {7DDB9CD3-11D6-4036-B0F5-19315D4FA1DD}
		{114820B8-6912-4F74-85F6-EB25CAE48BF9} = {2C240B41-C6C9-4921-9139-ECB2AA468316}
		{C097DEE3-EDF3-4CD4-A7F2-DD4796A41874} = {114820B8-6912-4F74-85F6-EB25CAE48BF9}
	EndGlobalSection
EndGlobal
